
Microsoft Visual Studio Solution File, Format Version 12.00
# Visual Studio Version 17
VisualStudioVersion = 17.7.34018.315
MinimumVisualStudioVersion = 10.0.40219.1
Project("{FAE04EC0-301F-11D3-BF4B-00C04F79EFBC}") = "Nullable Miscellaneous Features", "Nullable Miscellaneous Features\Nullable Miscellaneous Features.csproj", "{9F91D379-AF60-4E68-BBBD-45485D5349F1}"
EndProject
Global
	GlobalSection(SolutionConfigurationPlatforms) = preSolution
		Debug|Any CPU = Debug|Any CPU
		Release|Any CPU = Release|Any CPU
	EndGlobalSection
	GlobalSection(ProjectConfigurationPlatforms) = postSolution
		{9F91D379-AF60-4E68-BBBD-45485D5349F1}.Debug|Any CPU.ActiveCfg = Debug|Any CPU
		{9F91D379-AF60-4E68-BBBD-45485D5349F1}.Debug|Any CPU.Build.0 = Debug|Any CPU
		{9F91D379-AF60-4E68-BBBD-45485D5349F1}.Release|Any CPU.ActiveCfg = Release|Any CPU
		{9F91D379-AF60-4E68-BBBD-45485D5349F1}.Release|Any CPU.Build.0 = Release|Any CPU
	EndGlobalSection
	GlobalSection(SolutionProperties) = preSolution
		HideSolutionNode = FALSE
	EndGlobalSection
	GlobalSection(ExtensibilityGlobals) = postSolution
		SolutionGuid = {B4C8169B-5EA2-494C-9895-57B67ECFBDC4}
	EndGlobalSection
EndGlobal
